
Microsoft Visual Studio Solution File, Format Version 12.00
# Visual Studio Version 17
VisualStudioVersion = 17.14.36518.9 d17.14
MinimumVisualStudioVersion = 10.0.40219.1
Project("{FAE04EC0-301F-11D3-BF4B-00C04F79EFBC}") = "FileToolingLibrary", "FileToolingLibrary.csproj", "{0AFEF83F-DAAD-45BD-BF61-400841C5CB54}"
EndProject
Global
	GlobalSection(SolutionConfigurationPlatforms) = preSolution
		Debug|Any CPU = Debug|Any CPU
		Release|Any CPU = Release|Any CPU
	EndGlobalSection
	GlobalSection(ProjectConfigurationPlatforms) = postSolution
		{0AFEF83F-DAAD-45BD-BF61-400841C5CB54}.Debug|Any CPU.ActiveCfg = Debug|Any CPU
		{0AFEF83F-DAAD-45BD-BF61-400841C5CB54}.Debug|Any CPU.Build.0 = Debug|Any CPU
		{0AFEF83F-DAAD-45BD-BF61-400841C5CB54}.Release|Any CPU.ActiveCfg = Release|Any CPU
		{0AFEF83F-DAAD-45BD-BF61-400841C5CB54}.Release|Any CPU.Build.0 = Release|Any CPU
	EndGlobalSection
	GlobalSection(SolutionProperties) = preSolution
		HideSolutionNode = FALSE
	EndGlobalSection
	GlobalSection(ExtensibilityGlobals) = postSolution
		SolutionGuid = {8285BB25-AA94-41C0-8F8A-A7225FA74D65}
	EndGlobalSection
EndGlobal
